// !$*UTF8*$!
{
	archiveVersion = 1;
	classes = {
	};
	objectVersion = 51;
	objects = {

/* Begin PBXBuildFile section */
		1501436123BEDF35007EAA9F /* CategoriesController.swift in Sources */ = {isa = PBXBuildFile; fileRef = 1501436023BEDF35007EAA9F /* CategoriesController.swift */; };
		1501436323BEEAE2007EAA9F /* ShippingAddress.swift in Sources */ = {isa = PBXBuildFile; fileRef = 1501436223BEEAE2007EAA9F /* ShippingAddress.swift */; };
		1502204423A8A8E000B485DA /* TopNotificationLabel.swift in Sources */ = {isa = PBXBuildFile; fileRef = 1502204323A8A8E000B485DA /* TopNotificationLabel.swift */; };
		1502204623A8C01200B485DA /* RegisterController.swift in Sources */ = {isa = PBXBuildFile; fileRef = 1502204523A8C01200B485DA /* RegisterController.swift */; };
		15068D4C2416477500C85D60 /* RadioButton.swift in Sources */ = {isa = PBXBuildFile; fileRef = 15068D4B2416477500C85D60 /* RadioButton.swift */; };
		1509C62422FBDDF1007F74C1 /* DividerLineView.swift in Sources */ = {isa = PBXBuildFile; fileRef = 1509C62322FBDDF1007F74C1 /* DividerLineView.swift */; };
		1509C62622FBEA36007F74C1 /* ConnectionButton.swift in Sources */ = {isa = PBXBuildFile; fileRef = 1509C62522FBEA36007F74C1 /* ConnectionButton.swift */; };
		1515684C23BDFAC0006C9756 /* ShippingAddressMenuController.swift in Sources */ = {isa = PBXBuildFile; fileRef = 1515684B23BDFAC0006C9756 /* ShippingAddressMenuController.swift */; };
		1515684E23BE1628006C9756 /* UIApplication.swift in Sources */ = {isa = PBXBuildFile; fileRef = 1515684D23BE1628006C9756 /* UIApplication.swift */; };
		1522AA54234458D3002400A1 /* SearchController.swift in Sources */ = {isa = PBXBuildFile; fileRef = 1522AA53234458D3002400A1 /* SearchController.swift */; };
		152CBAAF23C0DAAF004A6F5E /* PurchasedView.swift in Sources */ = {isa = PBXBuildFile; fileRef = 152CBAAE23C0DAAF004A6F5E /* PurchasedView.swift */; };
		152D048D239B469D00EA708A /* PanDirectionGestureRecognizer.swift in Sources */ = {isa = PBXBuildFile; fileRef = 152D048C239B469C00EA708A /* PanDirectionGestureRecognizer.swift */; };
		154C778223AD01C200D85C49 /* String.swift in Sources */ = {isa = PBXBuildFile; fileRef = 154C778123AD01C200D85C49 /* String.swift */; };
		154F6FD8237BDDBC008984F6 /* Customer.swift in Sources */ = {isa = PBXBuildFile; fileRef = 154F6FD7237BDDBC008984F6 /* Customer.swift */; };
		154F6FDA237BEBB8008984F6 /* ShoppingItem.swift in Sources */ = {isa = PBXBuildFile; fileRef = 154F6FD9237BEBB8008984F6 /* ShoppingItem.swift */; };
		155EAE0F23708FFB00F92449 /* BagController.swift in Sources */ = {isa = PBXBuildFile; fileRef = 155EAE0E23708FFB00F92449 /* BagController.swift */; };
		15A91FDA22DD7F7200C6D86E /* AppDelegate.swift in Sources */ = {isa = PBXBuildFile; fileRef = 15A91FD922DD7F7200C6D86E /* AppDelegate.swift */; };
		15A91FDC22DD7F7200C6D86E /* HomeController.swift in Sources */ = {isa = PBXBuildFile; fileRef = 15A91FDB22DD7F7200C6D86E /* HomeController.swift */; };
		15A91FE122DD7F7300C6D86E /* Assets.xcassets in Resources */ = {isa = PBXBuildFile; fileRef = 15A91FE022DD7F7300C6D86E /* Assets.xcassets */; };
		15A91FE422DD7F7300C6D86E /* LaunchScreen.storyboard in Resources */ = {isa = PBXBuildFile; fileRef = 15A91FE222DD7F7300C6D86E /* LaunchScreen.storyboard */; };
		15A91FED22DD7FCC00C6D86E /* CartViewController.swift in Sources */ = {isa = PBXBuildFile; fileRef = 15A91FEC22DD7FCC00C6D86E /* CartViewController.swift */; };
		15A91FEF22DD804000C6D86E /* TabController.swift in Sources */ = {isa = PBXBuildFile; fileRef = 15A91FEE22DD804000C6D86E /* TabController.swift */; };
		15A91FF122DD81AD00C6D86E /* GoogleService-Info.plist in Resources */ = {isa = PBXBuildFile; fileRef = 15A91FF022DD81AD00C6D86E /* GoogleService-Info.plist */; };
		15A91FF422DD87C400C6D86E /* UIView.swift in Sources */ = {isa = PBXBuildFile; fileRef = 15A91FF322DD87C400C6D86E /* UIView.swift */; };
		15A91FF622DDA4CC00C6D86E /* HomeCell.swift in Sources */ = {isa = PBXBuildFile; fileRef = 15A91FF522DDA4CC00C6D86E /* HomeCell.swift */; };
		15A91FF922DDB6F900C6D86E /* UIFont.swift in Sources */ = {isa = PBXBuildFile; fileRef = 15A91FF822DDB6F900C6D86E /* UIFont.swift */; };
		15AF16222312C30400CF3101 /* ProcessView.swift in Sources */ = {isa = PBXBuildFile; fileRef = 15AF16212312C30400CF3101 /* ProcessView.swift */; };
		15B3D40423C03D5500DEBEB8 /* DesignersController.swift in Sources */ = {isa = PBXBuildFile; fileRef = 15B3D40323C03D5500DEBEB8 /* DesignersController.swift */; };
		15BDAC6923A29F7400D7FE7E /* CheckoutController.swift in Sources */ = {isa = PBXBuildFile; fileRef = 15BDAC6823A29F7400D7FE7E /* CheckoutController.swift */; };
		15C036B922E06D2800AEA788 /* Product.swift in Sources */ = {isa = PBXBuildFile; fileRef = 15C036B822E06D2800AEA788 /* Product.swift */; };
		15C036BB22E070E600AEA788 /* ProductCell.swift in Sources */ = {isa = PBXBuildFile; fileRef = 15C036BA22E070E600AEA788 /* ProductCell.swift */; };
		15C036BD22E0770800AEA788 /* ProductViewController.swift in Sources */ = {isa = PBXBuildFile; fileRef = 15C036BC22E0770800AEA788 /* ProductViewController.swift */; };
		15CBA2D022E14714009E58ED /* ProductDetailController.swift in Sources */ = {isa = PBXBuildFile; fileRef = 15CBA2CF22E14714009E58ED /* ProductDetailController.swift */; };
		15CBA2D222E154D5009E58ED /* UIScrollView.swift in Sources */ = {isa = PBXBuildFile; fileRef = 15CBA2D122E154D5009E58ED /* UIScrollView.swift */; };
		15CC23DB23BF8F0F00662070 /* ShoppingBagButton.swift in Sources */ = {isa = PBXBuildFile; fileRef = 15CC23DA23BF8F0F00662070 /* ShoppingBagButton.swift */; };
		15CE16322324041C005AE9A1 /* ColorMenu.swift in Sources */ = {isa = PBXBuildFile; fileRef = 15CE16312324041C005AE9A1 /* ColorMenu.swift */; };
		15D1A39F22E7E83D00F82F52 /* SlideProductCell.swift in Sources */ = {isa = PBXBuildFile; fileRef = 15D1A39E22E7E83D00F82F52 /* SlideProductCell.swift */; };
		15D7C9D4231D51EA002FA0EC /* UIColor.swift in Sources */ = {isa = PBXBuildFile; fileRef = 15D7C9D3231D51EA002FA0EC /* UIColor.swift */; };
		15D9051C231BE23200BFEF91 /* CGSize.swift in Sources */ = {isa = PBXBuildFile; fileRef = 15D9051B231BE23200BFEF91 /* CGSize.swift */; };
		15E65FF7232A20BD000EA2DA /* ProductCollectionView.swift in Sources */ = {isa = PBXBuildFile; fileRef = 15E65FF6232A20BD000EA2DA /* ProductCollectionView.swift */; };
		15E7EED223A6056500CC0250 /* DynamicCollectionViewController.swift in Sources */ = {isa = PBXBuildFile; fileRef = 15E7EED123A6056500CC0250 /* DynamicCollectionViewController.swift */; };
		15E7EED423A6358A00CC0250 /* HomeContent.swift in Sources */ = {isa = PBXBuildFile; fileRef = 15E7EED323A6358A00CC0250 /* HomeContent.swift */; };
		15EEFCE023A751EA00A665CE /* UserInfoController.swift in Sources */ = {isa = PBXBuildFile; fileRef = 15EEFCDF23A751EA00A665CE /* UserInfoController.swift */; };
		15EEFCE223A7823B00A665CE /* SignInController.swift in Sources */ = {isa = PBXBuildFile; fileRef = 15EEFCE123A7823B00A665CE /* SignInController.swift */; };
		15EEFCE423A7834F00A665CE /* DarkButton.swift in Sources */ = {isa = PBXBuildFile; fileRef = 15EEFCE323A7834F00A665CE /* DarkButton.swift */; };
		15F66E5223A358C800DE465A /* TransactionLabel.swift in Sources */ = {isa = PBXBuildFile; fileRef = 15F66E5123A358C800DE465A /* TransactionLabel.swift */; };
		15F66E5423A35C0F00DE465A /* TaskLineView.swift in Sources */ = {isa = PBXBuildFile; fileRef = 15F66E5323A35C0F00DE465A /* TaskLineView.swift */; };
		15F66E5623A38D4300DE465A /* ShippingAddressFormController.swift in Sources */ = {isa = PBXBuildFile; fileRef = 15F66E5523A38D4300DE465A /* ShippingAddressFormController.swift */; };
		15F66E5823A390CF00DE465A /* UINavigationController.swift in Sources */ = {isa = PBXBuildFile; fileRef = 15F66E5723A390CF00DE465A /* UINavigationController.swift */; };
		15F66E5A23A3CC2C00DE465A /* FieldCheckerView.swift in Sources */ = {isa = PBXBuildFile; fileRef = 15F66E5923A3CC2C00DE465A /* FieldCheckerView.swift */; };
		15F66E5C23A49A7C00DE465A /* VerificationView.swift in Sources */ = {isa = PBXBuildFile; fileRef = 15F66E5B23A49A7C00DE465A /* VerificationView.swift */; };
		E509DEFB2AA17E6F006BAFE7 /* ShippingSummaryController.swift in Sources */ = {isa = PBXBuildFile; fileRef = E509DEFA2AA17E6F006BAFE7 /* ShippingSummaryController.swift */; };
		F30D0394920BD12AF7E4CD92 /* Pods_ShopApp.framework in Frameworks */ = {isa = PBXBuildFile; fileRef = EBCB4388F74691B3CF035DF6 /* Pods_ShopApp.framework */; };
/* End PBXBuildFile section */

/* Begin PBXFileReference section */
		1501436023BEDF35007EAA9F /* CategoriesController.swift */ = {isa = PBXFileReference; lastKnownFileType = sourcecode.swift; path = CategoriesController.swift; sourceTree = "<group>"; };
		1501436223BEEAE2007EAA9F /* ShippingAddress.swift */ = {isa = PBXFileReference; lastKnownFileType = sourcecode.swift; path = ShippingAddress.swift; sourceTree = "<group>"; };
		1502204323A8A8E000B485DA /* TopNotificationLabel.swift */ = {isa = PBXFileReference; lastKnownFileType = sourcecode.swift; path = TopNotificationLabel.swift; sourceTree = "<group>"; };
		1502204523A8C01200B485DA /* RegisterController.swift */ = {isa = PBXFileReference; lastKnownFileType = sourcecode.swift; path = RegisterController.swift; sourceTree = "<group>"; };
		15068D4B2416477500C85D60 /* RadioButton.swift */ = {isa = PBXFileReference; lastKnownFileType = sourcecode.swift; path = RadioButton.swift; sourceTree = "<group>"; };
		1509C62322FBDDF1007F74C1 /* DividerLineView.swift */ = {isa = PBXFileReference; lastKnownFileType = sourcecode.swift; path = DividerLineView.swift; sourceTree = "<group>"; };
		1509C62522FBEA36007F74C1 /* ConnectionButton.swift */ = {isa = PBXFileReference; lastKnownFileType = sourcecode.swift; path = ConnectionButton.swift; sourceTree = "<group>"; };
		1515684B23BDFAC0006C9756 /* ShippingAddressMenuController.swift */ = {isa = PBXFileReference; lastKnownFileType = sourcecode.swift; path = ShippingAddressMenuController.swift; sourceTree = "<group>"; };
		1515684D23BE1628006C9756 /* UIApplication.swift */ = {isa = PBXFileReference; lastKnownFileType = sourcecode.swift; path = UIApplication.swift; sourceTree = "<group>"; };
		1522AA53234458D3002400A1 /* SearchController.swift */ = {isa = PBXFileReference; lastKnownFileType = sourcecode.swift; path = SearchController.swift; sourceTree = "<group>"; };
		152CBAAE23C0DAAF004A6F5E /* PurchasedView.swift */ = {isa = PBXFileReference; lastKnownFileType = sourcecode.swift; path = PurchasedView.swift; sourceTree = "<group>"; };
		152D048C239B469C00EA708A /* PanDirectionGestureRecognizer.swift */ = {isa = PBXFileReference; lastKnownFileType = sourcecode.swift; path = PanDirectionGestureRecognizer.swift; sourceTree = "<group>"; };
		154C778123AD01C200D85C49 /* String.swift */ = {isa = PBXFileReference; lastKnownFileType = sourcecode.swift; path = String.swift; sourceTree = "<group>"; };
		154F6FD7237BDDBC008984F6 /* Customer.swift */ = {isa = PBXFileReference; lastKnownFileType = sourcecode.swift; path = Customer.swift; sourceTree = "<group>"; };
		154F6FD9237BEBB8008984F6 /* ShoppingItem.swift */ = {isa = PBXFileReference; lastKnownFileType = sourcecode.swift; path = ShoppingItem.swift; sourceTree = "<group>"; };
		155EAE0E23708FFB00F92449 /* BagController.swift */ = {isa = PBXFileReference; lastKnownFileType = sourcecode.swift; path = BagController.swift; sourceTree = "<group>"; };
		15A91FD622DD7F7200C6D86E /* ShopApp.app */ = {isa = PBXFileReference; explicitFileType = wrapper.application; includeInIndex = 0; path = ShopApp.app; sourceTree = BUILT_PRODUCTS_DIR; };
		15A91FD922DD7F7200C6D86E /* AppDelegate.swift */ = {isa = PBXFileReference; lastKnownFileType = sourcecode.swift; path = AppDelegate.swift; sourceTree = "<group>"; };
		15A91FDB22DD7F7200C6D86E /* HomeController.swift */ = {isa = PBXFileReference; lastKnownFileType = sourcecode.swift; path = HomeController.swift; sourceTree = "<group>"; };
		15A91FE022DD7F7300C6D86E /* Assets.xcassets */ = {isa = PBXFileReference; lastKnownFileType = folder.assetcatalog; path = Assets.xcassets; sourceTree = "<group>"; };
		15A91FE322DD7F7300C6D86E /* Base */ = {isa = PBXFileReference; lastKnownFileType = file.storyboard; name = Base; path = Base.lproj/LaunchScreen.storyboard; sourceTree = "<group>"; };
		15A91FE522DD7F7300C6D86E /* Info.plist */ = {isa = PBXFileReference; lastKnownFileType = text.plist.xml; path = Info.plist; sourceTree = "<group>"; };
		15A91FEC22DD7FCC00C6D86E /* CartViewController.swift */ = {isa = PBXFileReference; lastKnownFileType = sourcecode.swift; path = CartViewController.swift; sourceTree = "<group>"; };
		15A91FEE22DD804000C6D86E /* TabController.swift */ = {isa = PBXFileReference; lastKnownFileType = sourcecode.swift; path = TabController.swift; sourceTree = "<group>"; };
		15A91FF022DD81AD00C6D86E /* GoogleService-Info.plist */ = {isa = PBXFileReference; fileEncoding = 4; lastKnownFileType = text.plist.xml; path = "GoogleService-Info.plist"; sourceTree = "<group>"; };
		15A91FF322DD87C400C6D86E /* UIView.swift */ = {isa = PBXFileReference; lastKnownFileType = sourcecode.swift; path = UIView.swift; sourceTree = "<group>"; };
		15A91FF522DDA4CC00C6D86E /* HomeCell.swift */ = {isa = PBXFileReference; lastKnownFileType = sourcecode.swift; path = HomeCell.swift; sourceTree = "<group>"; };
		15A91FF822DDB6F900C6D86E /* UIFont.swift */ = {isa = PBXFileReference; lastKnownFileType = sourcecode.swift; path = UIFont.swift; sourceTree = "<group>"; };
		15AF16212312C30400CF3101 /* ProcessView.swift */ = {isa = PBXFileReference; lastKnownFileType = sourcecode.swift; path = ProcessView.swift; sourceTree = "<group>"; };
		15B3D40323C03D5500DEBEB8 /* DesignersController.swift */ = {isa = PBXFileReference; lastKnownFileType = sourcecode.swift; path = DesignersController.swift; sourceTree = "<group>"; };
		15BDAC6823A29F7400D7FE7E /* CheckoutController.swift */ = {isa = PBXFileReference; lastKnownFileType = sourcecode.swift; path = CheckoutController.swift; sourceTree = "<group>"; };
		15C036B822E06D2800AEA788 /* Product.swift */ = {isa = PBXFileReference; lastKnownFileType = sourcecode.swift; path = Product.swift; sourceTree = "<group>"; };
		15C036BA22E070E600AEA788 /* ProductCell.swift */ = {isa = PBXFileReference; lastKnownFileType = sourcecode.swift; path = ProductCell.swift; sourceTree = "<group>"; };
		15C036BC22E0770800AEA788 /* ProductViewController.swift */ = {isa = PBXFileReference; lastKnownFileType = sourcecode.swift; path = ProductViewController.swift; sourceTree = "<group>"; };
		15CBA2CF22E14714009E58ED /* ProductDetailController.swift */ = {isa = PBXFileReference; lastKnownFileType = sourcecode.swift; path = ProductDetailController.swift; sourceTree = "<group>"; };
		15CBA2D122E154D5009E58ED /* UIScrollView.swift */ = {isa = PBXFileReference; lastKnownFileType = sourcecode.swift; path = UIScrollView.swift; sourceTree = "<group>"; };
		15CC23DA23BF8F0F00662070 /* ShoppingBagButton.swift */ = {isa = PBXFileReference; lastKnownFileType = sourcecode.swift; path = ShoppingBagButton.swift; sourceTree = "<group>"; };
		15CE16312324041C005AE9A1 /* ColorMenu.swift */ = {isa = PBXFileReference; lastKnownFileType = sourcecode.swift; path = ColorMenu.swift; sourceTree = "<group>"; };
		15D1A39E22E7E83D00F82F52 /* SlideProductCell.swift */ = {isa = PBXFileReference; lastKnownFileType = sourcecode.swift; path = SlideProductCell.swift; sourceTree = "<group>"; };
		15D7C9D3231D51EA002FA0EC /* UIColor.swift */ = {isa = PBXFileReference; lastKnownFileType = sourcecode.swift; path = UIColor.swift; sourceTree = "<group>"; };
		15D9051B231BE23200BFEF91 /* CGSize.swift */ = {isa = PBXFileReference; lastKnownFileType = sourcecode.swift; path = CGSize.swift; sourceTree = "<group>"; };
		15E65FF6232A20BD000EA2DA /* ProductCollectionView.swift */ = {isa = PBXFileReference; lastKnownFileType = sourcecode.swift; path = ProductCollectionView.swift; sourceTree = "<group>"; };
		15E7EED123A6056500CC0250 /* DynamicCollectionViewController.swift */ = {isa = PBXFileReference; lastKnownFileType = sourcecode.swift; path = DynamicCollectionViewController.swift; sourceTree = "<group>"; };
		15E7EED323A6358A00CC0250 /* HomeContent.swift */ = {isa = PBXFileReference; lastKnownFileType = sourcecode.swift; path = HomeContent.swift; sourceTree = "<group>"; };
		15EEFCDF23A751EA00A665CE /* UserInfoController.swift */ = {isa = PBXFileReference; lastKnownFileType = sourcecode.swift; path = UserInfoController.swift; sourceTree = "<group>"; };
		15EEFCE123A7823B00A665CE /* SignInController.swift */ = {isa = PBXFileReference; lastKnownFileType = sourcecode.swift; path = SignInController.swift; sourceTree = "<group>"; };
		15EEFCE323A7834F00A665CE /* DarkButton.swift */ = {isa = PBXFileReference; lastKnownFileType = sourcecode.swift; path = DarkButton.swift; sourceTree = "<group>"; };
		15F66E5123A358C800DE465A /* TransactionLabel.swift */ = {isa = PBXFileReference; lastKnownFileType = sourcecode.swift; path = TransactionLabel.swift; sourceTree = "<group>"; };
		15F66E5323A35C0F00DE465A /* TaskLineView.swift */ = {isa = PBXFileReference; lastKnownFileType = sourcecode.swift; path = TaskLineView.swift; sourceTree = "<group>"; };
		15F66E5523A38D4300DE465A /* ShippingAddressFormController.swift */ = {isa = PBXFileReference; lastKnownFileType = sourcecode.swift; path = ShippingAddressFormController.swift; sourceTree = "<group>"; };
		15F66E5723A390CF00DE465A /* UINavigationController.swift */ = {isa = PBXFileReference; lastKnownFileType = sourcecode.swift; path = UINavigationController.swift; sourceTree = "<group>"; };
		15F66E5923A3CC2C00DE465A /* FieldCheckerView.swift */ = {isa = PBXFileReference; lastKnownFileType = sourcecode.swift; path = FieldCheckerView.swift; sourceTree = "<group>"; };
		15F66E5B23A49A7C00DE465A /* VerificationView.swift */ = {isa = PBXFileReference; lastKnownFileType = sourcecode.swift; path = VerificationView.swift; sourceTree = "<group>"; };
		4E30289A04C7D0E7D8E7AA0E /* Pods-ShopApp.release.xcconfig */ = {isa = PBXFileReference; includeInIndex = 1; lastKnownFileType = text.xcconfig; name = "Pods-ShopApp.release.xcconfig"; path = "Target Support Files/Pods-ShopApp/Pods-ShopApp.release.xcconfig"; sourceTree = "<group>"; };
		B4C65FE29F913B0DCC75F18C /* Pods-ShopApp.debug.xcconfig */ = {isa = PBXFileReference; includeInIndex = 1; lastKnownFileType = text.xcconfig; name = "Pods-ShopApp.debug.xcconfig"; path = "Target Support Files/Pods-ShopApp/Pods-ShopApp.debug.xcconfig"; sourceTree = "<group>"; };
		E509DEFA2AA17E6F006BAFE7 /* ShippingSummaryController.swift */ = {isa = PBXFileReference; lastKnownFileType = sourcecode.swift; path = ShippingSummaryController.swift; sourceTree = "<group>"; };
		EBCB4388F74691B3CF035DF6 /* Pods_ShopApp.framework */ = {isa = PBXFileReference; explicitFileType = wrapper.framework; includeInIndex = 0; path = Pods_ShopApp.framework; sourceTree = BUILT_PRODUCTS_DIR; };
/* End PBXFileReference section */

/* Begin PBXFrameworksBuildPhase section */
		15A91FD322DD7F7200C6D86E /* Frameworks */ = {
			isa = PBXFrameworksBuildPhase;
			buildActionMask = 2147483647;
			files = (
				F30D0394920BD12AF7E4CD92 /* Pods_ShopApp.framework in Frameworks */,
			);
			runOnlyForDeploymentPostprocessing = 0;
		};
/* End PBXFrameworksBuildPhase section */

/* Begin PBXGroup section */
		152D048B239B466A00EA708A /* Others */ = {
			isa = PBXGroup;
			children = (
				152D048C239B469C00EA708A /* PanDirectionGestureRecognizer.swift */,
			);
			path = Others;
			sourceTree = "<group>";
		};
		15A91FCD22DD7F7200C6D86E = {
			isa = PBXGroup;
			children = (
				15A91FD822DD7F7200C6D86E /* ShopApp */,
				15A91FD722DD7F7200C6D86E /* Products */,
				619C8DF7C11614D1C121756F /* Pods */,
				3B27005C1F61F07F859C8721 /* Frameworks */,
			);
			sourceTree = "<group>";
		};
		15A91FD722DD7F7200C6D86E /* Products */ = {
			isa = PBXGroup;
			children = (
				15A91FD622DD7F7200C6D86E /* ShopApp.app */,
			);
			name = Products;
			sourceTree = "<group>";
		};
		15A91FD822DD7F7200C6D86E /* ShopApp */ = {
			isa = PBXGroup;
			children = (
				15A91FD922DD7F7200C6D86E /* AppDelegate.swift */,
				15A91FF722DDA4D100C6D86E /* Views */,
				15C036B722E06D0E00AEA788 /* Models */,
				15A91FEB22DD7FA700C6D86E /* controllers */,
				15A91FF222DD87B500C6D86E /* Extensions */,
				152D048B239B466A00EA708A /* Others */,
				15A91FE022DD7F7300C6D86E /* Assets.xcassets */,
				15A91FE222DD7F7300C6D86E /* LaunchScreen.storyboard */,
				15A91FE522DD7F7300C6D86E /* Info.plist */,
				15A91FF022DD81AD00C6D86E /* GoogleService-Info.plist */,
			);
			path = ShopApp;
			sourceTree = "<group>";
		};
		15A91FEB22DD7FA700C6D86E /* controllers */ = {
			isa = PBXGroup;
			children = (
				15A91FEE22DD804000C6D86E /* TabController.swift */,
				15A91FDB22DD7F7200C6D86E /* HomeController.swift */,
				15A91FEC22DD7FCC00C6D86E /* CartViewController.swift */,
				15C036BC22E0770800AEA788 /* ProductViewController.swift */,
				15CBA2CF22E14714009E58ED /* ProductDetailController.swift */,
				1522AA53234458D3002400A1 /* SearchController.swift */,
				155EAE0E23708FFB00F92449 /* BagController.swift */,
				15BDAC6823A29F7400D7FE7E /* CheckoutController.swift */,
				15F66E5523A38D4300DE465A /* ShippingAddressFormController.swift */,
				15E7EED123A6056500CC0250 /* DynamicCollectionViewController.swift */,
				15EEFCDF23A751EA00A665CE /* UserInfoController.swift */,
				15EEFCE123A7823B00A665CE /* SignInController.swift */,
				1502204523A8C01200B485DA /* RegisterController.swift */,
				1515684B23BDFAC0006C9756 /* ShippingAddressMenuController.swift */,
				1501436023BEDF35007EAA9F /* CategoriesController.swift */,
				15B3D40323C03D5500DEBEB8 /* DesignersController.swift */,
				E509DEFA2AA17E6F006BAFE7 /* ShippingSummaryController.swift */,
			);
			path = controllers;
			sourceTree = "<group>";
		};
		15A91FF222DD87B500C6D86E /* Extensions */ = {
			isa = PBXGroup;
			children = (
				15A91FF322DD87C400C6D86E /* UIView.swift */,
				15A91FF822DDB6F900C6D86E /* UIFont.swift */,
				15CBA2D122E154D5009E58ED /* UIScrollView.swift */,
				15D9051B231BE23200BFEF91 /* CGSize.swift */,
				15D7C9D3231D51EA002FA0EC /* UIColor.swift */,
				15F66E5723A390CF00DE465A /* UINavigationController.swift */,
				154C778123AD01C200D85C49 /* String.swift */,
				1515684D23BE1628006C9756 /* UIApplication.swift */,
			);
			path = Extensions;
			sourceTree = "<group>";
		};
		15A91FF722DDA4D100C6D86E /* Views */ = {
			isa = PBXGroup;
			children = (
				15A91FF522DDA4CC00C6D86E /* HomeCell.swift */,
				15C036BA22E070E600AEA788 /* ProductCell.swift */,
				15D1A39E22E7E83D00F82F52 /* SlideProductCell.swift */,
				1509C62322FBDDF1007F74C1 /* DividerLineView.swift */,
				1509C62522FBEA36007F74C1 /* ConnectionButton.swift */,
				15AF16212312C30400CF3101 /* ProcessView.swift */,
				15CE16312324041C005AE9A1 /* ColorMenu.swift */,
				15E65FF6232A20BD000EA2DA /* ProductCollectionView.swift */,
				15F66E5123A358C800DE465A /* TransactionLabel.swift */,
				15F66E5923A3CC2C00DE465A /* FieldCheckerView.swift */,
				15F66E5323A35C0F00DE465A /* TaskLineView.swift */,
				15F66E5B23A49A7C00DE465A /* VerificationView.swift */,
				15EEFCE323A7834F00A665CE /* DarkButton.swift */,
				1502204323A8A8E000B485DA /* TopNotificationLabel.swift */,
				15CC23DA23BF8F0F00662070 /* ShoppingBagButton.swift */,
				152CBAAE23C0DAAF004A6F5E /* PurchasedView.swift */,
				15068D4B2416477500C85D60 /* RadioButton.swift */,
			);
			path = Views;
			sourceTree = "<group>";
		};
		15C036B722E06D0E00AEA788 /* Models */ = {
			isa = PBXGroup;
			children = (
				15C036B822E06D2800AEA788 /* Product.swift */,
				154F6FD7237BDDBC008984F6 /* Customer.swift */,
				154F6FD9237BEBB8008984F6 /* ShoppingItem.swift */,
				15E7EED323A6358A00CC0250 /* HomeContent.swift */,
				1501436223BEEAE2007EAA9F /* ShippingAddress.swift */,
			);
			path = Models;
			sourceTree = "<group>";
		};
		3B27005C1F61F07F859C8721 /* Frameworks */ = {
			isa = PBXGroup;
			children = (
				EBCB4388F74691B3CF035DF6 /* Pods_ShopApp.framework */,
			);
			name = Frameworks;
			sourceTree = "<group>";
		};
		619C8DF7C11614D1C121756F /* Pods */ = {
			isa = PBXGroup;
			children = (
				B4C65FE29F913B0DCC75F18C /* Pods-ShopApp.debug.xcconfig */,
				4E30289A04C7D0E7D8E7AA0E /* Pods-ShopApp.release.xcconfig */,
			);
			path = Pods;
			sourceTree = "<group>";
		};
/* End PBXGroup section */

/* Begin PBXNativeTarget section */
		15A91FD522DD7F7200C6D86E /* ShopApp */ = {
			isa = PBXNativeTarget;
			buildConfigurationList = 15A91FE822DD7F7300C6D86E /* Build configuration list for PBXNativeTarget "ShopApp" */;
			buildPhases = (
				5774B9435A8B8DAE74A8E930 /* [CP] Check Pods Manifest.lock */,
				15A91FD222DD7F7200C6D86E /* Sources */,
				15A91FD322DD7F7200C6D86E /* Frameworks */,
				15A91FD422DD7F7200C6D86E /* Resources */,
				4D8D2FB021683BB16A7EFBBF /* [CP] Embed Pods Frameworks */,
			);
			buildRules = (
			);
			dependencies = (
			);
			name = ShopApp;
			productName = ShopApp;
			productReference = 15A91FD622DD7F7200C6D86E /* ShopApp.app */;
			productType = "com.apple.product-type.application";
		};
/* End PBXNativeTarget section */

/* Begin PBXProject section */
		15A91FCE22DD7F7200C6D86E /* Project object */ = {
			isa = PBXProject;
			attributes = {
				LastSwiftUpdateCheck = 1010;
				LastUpgradeCheck = 1010;
				ORGANIZATIONNAME = "Nguyễn Đức Huy";
				TargetAttributes = {
					15A91FD522DD7F7200C6D86E = {
						CreatedOnToolsVersion = 10.1;
					};
				};
			};
			buildConfigurationList = 15A91FD122DD7F7200C6D86E /* Build configuration list for PBXProject "ShopApp" */;
			compatibilityVersion = "Xcode 9.3";
			developmentRegion = en;
			hasScannedForEncodings = 0;
			knownRegions = (
				en,
				Base,
			);
			mainGroup = 15A91FCD22DD7F7200C6D86E;
			productRefGroup = 15A91FD722DD7F7200C6D86E /* Products */;
			projectDirPath = "";
			projectRoot = "";
			targets = (
				15A91FD522DD7F7200C6D86E /* ShopApp */,
			);
		};
/* End PBXProject section */

/* Begin PBXResourcesBuildPhase section */
		15A91FD422DD7F7200C6D86E /* Resources */ = {
			isa = PBXResourcesBuildPhase;
			buildActionMask = 2147483647;
			files = (
				15A91FE422DD7F7300C6D86E /* LaunchScreen.storyboard in Resources */,
				15A91FE122DD7F7300C6D86E /* Assets.xcassets in Resources */,
				15A91FF122DD81AD00C6D86E /* GoogleService-Info.plist in Resources */,
			);
			runOnlyForDeploymentPostprocessing = 0;
		};
/* End PBXResourcesBuildPhase section */

/* Begin PBXShellScriptBuildPhase section */
		4D8D2FB021683BB16A7EFBBF /* [CP] Embed Pods Frameworks */ = {
			isa = PBXShellScriptBuildPhase;
			buildActionMask = 2147483647;
			files = (
			);
			inputFileListPaths = (
				"${PODS_ROOT}/Target Support Files/Pods-ShopApp/Pods-ShopApp-frameworks-${CONFIGURATION}-input-files.xcfilelist",
			);
			name = "[CP] Embed Pods Frameworks";
			outputFileListPaths = (
				"${PODS_ROOT}/Target Support Files/Pods-ShopApp/Pods-ShopApp-frameworks-${CONFIGURATION}-output-files.xcfilelist",
			);
			runOnlyForDeploymentPostprocessing = 0;
			shellPath = /bin/sh;
			shellScript = "\"${PODS_ROOT}/Target Support Files/Pods-ShopApp/Pods-ShopApp-frameworks.sh\"\n";
			showEnvVarsInLog = 0;
		};
		5774B9435A8B8DAE74A8E930 /* [CP] Check Pods Manifest.lock */ = {
			isa = PBXShellScriptBuildPhase;
			buildActionMask = 2147483647;
			files = (
			);
			inputFileListPaths = (
			);
			inputPaths = (
				"${PODS_PODFILE_DIR_PATH}/Podfile.lock",
				"${PODS_ROOT}/Manifest.lock",
			);
			name = "[CP] Check Pods Manifest.lock";
			outputFileListPaths = (
			);
			outputPaths = (
				"$(DERIVED_FILE_DIR)/Pods-ShopApp-checkManifestLockResult.txt",
			);
			runOnlyForDeploymentPostprocessing = 0;
			shellPath = /bin/sh;
			shellScript = "diff \"${PODS_PODFILE_DIR_PATH}/Podfile.lock\" \"${PODS_ROOT}/Manifest.lock\" > /dev/null\nif [ $? != 0 ] ; then\n    # print error to STDERR\n    echo \"error: The sandbox is not in sync with the Podfile.lock. Run 'pod install' or update your CocoaPods installation.\" >&2\n    exit 1\nfi\n# This output is used by Xcode 'outputs' to avoid re-running this script phase.\necho \"SUCCESS\" > \"${SCRIPT_OUTPUT_FILE_0}\"\n";
			showEnvVarsInLog = 0;
		};
/* End PBXShellScriptBuildPhase section */

/* Begin PBXSourcesBuildPhase section */
		15A91FD222DD7F7200C6D86E /* Sources */ = {
			isa = PBXSourcesBuildPhase;
			buildActionMask = 2147483647;
			files = (
				15D9051C231BE23200BFEF91 /* CGSize.swift in Sources */,
				15A91FF422DD87C400C6D86E /* UIView.swift in Sources */,
				15E7EED423A6358A00CC0250 /* HomeContent.swift in Sources */,
				15CBA2D022E14714009E58ED /* ProductDetailController.swift in Sources */,
				1509C62422FBDDF1007F74C1 /* DividerLineView.swift in Sources */,
				15A91FDC22DD7F7200C6D86E /* HomeController.swift in Sources */,
				15BDAC6923A29F7400D7FE7E /* CheckoutController.swift in Sources */,
				E509DEFB2AA17E6F006BAFE7 /* ShippingSummaryController.swift in Sources */,
				154F6FD8237BDDBC008984F6 /* Customer.swift in Sources */,
				15D1A39F22E7E83D00F82F52 /* SlideProductCell.swift in Sources */,
				15AF16222312C30400CF3101 /* ProcessView.swift in Sources */,
				15EEFCE423A7834F00A665CE /* DarkButton.swift in Sources */,
				15C036B922E06D2800AEA788 /* Product.swift in Sources */,
				1501436323BEEAE2007EAA9F /* ShippingAddress.swift in Sources */,
				15A91FF622DDA4CC00C6D86E /* HomeCell.swift in Sources */,
				15F66E5423A35C0F00DE465A /* TaskLineView.swift in Sources */,
				1502204623A8C01200B485DA /* RegisterController.swift in Sources */,
				15A91FF922DDB6F900C6D86E /* UIFont.swift in Sources */,
				1502204423A8A8E000B485DA /* TopNotificationLabel.swift in Sources */,
				1522AA54234458D3002400A1 /* SearchController.swift in Sources */,
				154F6FDA237BEBB8008984F6 /* ShoppingItem.swift in Sources */,
				15F66E5C23A49A7C00DE465A /* VerificationView.swift in Sources */,
				1501436123BEDF35007EAA9F /* CategoriesController.swift in Sources */,
				15F66E5623A38D4300DE465A /* ShippingAddressFormController.swift in Sources */,
				152CBAAF23C0DAAF004A6F5E /* PurchasedView.swift in Sources */,
				15F66E5A23A3CC2C00DE465A /* FieldCheckerView.swift in Sources */,
				15B3D40423C03D5500DEBEB8 /* DesignersController.swift in Sources */,
				154C778223AD01C200D85C49 /* String.swift in Sources */,
				15E65FF7232A20BD000EA2DA /* ProductCollectionView.swift in Sources */,
				15C036BD22E0770800AEA788 /* ProductViewController.swift in Sources */,
				15EEFCE223A7823B00A665CE /* SignInController.swift in Sources */,
				152D048D239B469D00EA708A /* PanDirectionGestureRecognizer.swift in Sources */,
				1515684C23BDFAC0006C9756 /* ShippingAddressMenuController.swift in Sources */,
				15A91FEF22DD804000C6D86E /* TabController.swift in Sources */,
				15A91FED22DD7FCC00C6D86E /* CartViewController.swift in Sources */,
				15F66E5823A390CF00DE465A /* UINavigationController.swift in Sources */,
				15EEFCE023A751EA00A665CE /* UserInfoController.swift in Sources */,
				15D7C9D4231D51EA002FA0EC /* UIColor.swift in Sources */,
				15F66E5223A358C800DE465A /* TransactionLabel.swift in Sources */,
				15CBA2D222E154D5009E58ED /* UIScrollView.swift in Sources */,
				15068D4C2416477500C85D60 /* RadioButton.swift in Sources */,
				1509C62622FBEA36007F74C1 /* ConnectionButton.swift in Sources */,
				1515684E23BE1628006C9756 /* UIApplication.swift in Sources */,
				155EAE0F23708FFB00F92449 /* BagController.swift in Sources */,
				15CC23DB23BF8F0F00662070 /* ShoppingBagButton.swift in Sources */,
				15CE16322324041C005AE9A1 /* ColorMenu.swift in Sources */,
				15C036BB22E070E600AEA788 /* ProductCell.swift in Sources */,
				15A91FDA22DD7F7200C6D86E /* AppDelegate.swift in Sources */,
				15E7EED223A6056500CC0250 /* DynamicCollectionViewController.swift in Sources */,
			);
			runOnlyForDeploymentPostprocessing = 0;
		};
/* End PBXSourcesBuildPhase section */

/* Begin PBXVariantGroup section */
		15A91FE222DD7F7300C6D86E /* LaunchScreen.storyboard */ = {
			isa = PBXVariantGroup;
			children = (
				15A91FE322DD7F7300C6D86E /* Base */,
			);
			name = LaunchScreen.storyboard;
			sourceTree = "<group>";
		};
/* End PBXVariantGroup section */

/* Begin XCBuildConfiguration section */
		15A91FE622DD7F7300C6D86E /* Debug */ = {
			isa = XCBuildConfiguration;
			buildSettings = {
				ALWAYS_SEARCH_USER_PATHS = NO;
				CLANG_ANALYZER_NONNULL = YES;
				CLANG_ANALYZER_NUMBER_OBJECT_CONVERSION = YES_AGGRESSIVE;
				CLANG_CXX_LANGUAGE_STANDARD = "gnu++14";
				CLANG_CXX_LIBRARY = "libc++";
				CLANG_ENABLE_MODULES = YES;
				CLANG_ENABLE_OBJC_ARC = YES;
				CLANG_ENABLE_OBJC_WEAK = YES;
				CLANG_WARN_BLOCK_CAPTURE_AUTORELEASING = YES;
				CLANG_WARN_BOOL_CONVERSION = YES;
				CLANG_WARN_COMMA = YES;
				CLANG_WARN_CONSTANT_CONVERSION = YES;
				CLANG_WARN_DEPRECATED_OBJC_IMPLEMENTATIONS = YES;
				CLANG_WARN_DIRECT_OBJC_ISA_USAGE = YES_ERROR;
				CLANG_WARN_DOCUMENTATION_COMMENTS = YES;
				CLANG_WARN_EMPTY_BODY = YES;
				CLANG_WARN_ENUM_CONVERSION = YES;
				CLANG_WARN_INFINITE_RECURSION = YES;
				CLANG_WARN_INT_CONVERSION = YES;
				CLANG_WARN_NON_LITERAL_NULL_CONVERSION = YES;
				CLANG_WARN_OBJC_IMPLICIT_RETAIN_SELF = YES;
				CLANG_WARN_OBJC_LITERAL_CONVERSION = YES;
				CLANG_WARN_OBJC_ROOT_CLASS = YES_ERROR;
				CLANG_WARN_RANGE_LOOP_ANALYSIS = YES;
				CLANG_WARN_STRICT_PROTOTYPES = YES;
				CLANG_WARN_SUSPICIOUS_MOVE = YES;
				CLANG_WARN_UNGUARDED_AVAILABILITY = YES_AGGRESSIVE;
				CLANG_WARN_UNREACHABLE_CODE = YES;
				CLANG_WARN__DUPLICATE_METHOD_MATCH = YES;
				CODE_SIGN_IDENTITY = "iPhone Developer";
				COPY_PHASE_STRIP = NO;
				DEBUG_INFORMATION_FORMAT = dwarf;
				ENABLE_STRICT_OBJC_MSGSEND = YES;
				ENABLE_TESTABILITY = YES;
				GCC_C_LANGUAGE_STANDARD = gnu11;
				GCC_DYNAMIC_NO_PIC = NO;
				GCC_NO_COMMON_BLOCKS = YES;
				GCC_OPTIMIZATION_LEVEL = 0;
				GCC_PREPROCESSOR_DEFINITIONS = (
					"DEBUG=1",
					"$(inherited)",
				);
				GCC_WARN_64_TO_32_BIT_CONVERSION = YES;
				GCC_WARN_ABOUT_RETURN_TYPE = YES_ERROR;
				GCC_WARN_UNDECLARED_SELECTOR = YES;
				GCC_WARN_UNINITIALIZED_AUTOS = YES_AGGRESSIVE;
				GCC_WARN_UNUSED_FUNCTION = YES;
				GCC_WARN_UNUSED_VARIABLE = YES;
				IPHONEOS_DEPLOYMENT_TARGET = 12.1;
				MTL_ENABLE_DEBUG_INFO = INCLUDE_SOURCE;
				MTL_FAST_MATH = YES;
				ONLY_ACTIVE_ARCH = YES;
				SDKROOT = iphoneos;
				SWIFT_ACTIVE_COMPILATION_CONDITIONS = DEBUG;
				SWIFT_OPTIMIZATION_LEVEL = "-Onone";
			};
			name = Debug;
		};
		15A91FE722DD7F7300C6D86E /* Release */ = {
			isa = XCBuildConfiguration;
			buildSettings = {
				ALWAYS_SEARCH_USER_PATHS = NO;
				CLANG_ANALYZER_NONNULL = YES;
				CLANG_ANALYZER_NUMBER_OBJECT_CONVERSION = YES_AGGRESSIVE;
				CLANG_CXX_LANGUAGE_STANDARD = "gnu++14";
				CLANG_CXX_LIBRARY = "libc++";
				CLANG_ENABLE_MODULES = YES;
				CLANG_ENABLE_OBJC_ARC = YES;
				CLANG_ENABLE_OBJC_WEAK = YES;
				CLANG_WARN_BLOCK_CAPTURE_AUTORELEASING = YES;
				CLANG_WARN_BOOL_CONVERSION = YES;
				CLANG_WARN_COMMA = YES;
				CLANG_WARN_CONSTANT_CONVERSION = YES;
				CLANG_WARN_DEPRECATED_OBJC_IMPLEMENTATIONS = YES;
				CLANG_WARN_DIRECT_OBJC_ISA_USAGE = YES_ERROR;
				CLANG_WARN_DOCUMENTATION_COMMENTS = YES;
				CLANG_WARN_EMPTY_BODY = YES;
				CLANG_WARN_ENUM_CONVERSION = YES;
				CLANG_WARN_INFINITE_RECURSION = YES;
				CLANG_WARN_INT_CONVERSION = YES;
				CLANG_WARN_NON_LITERAL_NULL_CONVERSION = YES;
				CLANG_WARN_OBJC_IMPLICIT_RETAIN_SELF = YES;
				CLANG_WARN_OBJC_LITERAL_CONVERSION = YES;
				CLANG_WARN_OBJC_ROOT_CLASS = YES_ERROR;
				CLANG_WARN_RANGE_LOOP_ANALYSIS = YES;
				CLANG_WARN_STRICT_PROTOTYPES = YES;
				CLANG_WARN_SUSPICIOUS_MOVE = YES;
				CLANG_WARN_UNGUARDED_AVAILABILITY = YES_AGGRESSIVE;
				CLANG_WARN_UNREACHABLE_CODE = YES;
				CLANG_WARN__DUPLICATE_METHOD_MATCH = YES;
				CODE_SIGN_IDENTITY = "iPhone Developer";
				COPY_PHASE_STRIP = NO;
				DEBUG_INFORMATION_FORMAT = "dwarf-with-dsym";
				ENABLE_NS_ASSERTIONS = NO;
				ENABLE_STRICT_OBJC_MSGSEND = YES;
				GCC_C_LANGUAGE_STANDARD = gnu11;
				GCC_NO_COMMON_BLOCKS = YES;
				GCC_WARN_64_TO_32_BIT_CONVERSION = YES;
				GCC_WARN_ABOUT_RETURN_TYPE = YES_ERROR;
				GCC_WARN_UNDECLARED_SELECTOR = YES;
				GCC_WARN_UNINITIALIZED_AUTOS = YES_AGGRESSIVE;
				GCC_WARN_UNUSED_FUNCTION = YES;
				GCC_WARN_UNUSED_VARIABLE = YES;
				IPHONEOS_DEPLOYMENT_TARGET = 12.1;
				MTL_ENABLE_DEBUG_INFO = NO;
				MTL_FAST_MATH = YES;
				SDKROOT = iphoneos;
				SWIFT_COMPILATION_MODE = wholemodule;
				SWIFT_OPTIMIZATION_LEVEL = "-O";
				VALIDATE_PRODUCT = YES;
			};
			name = Release;
		};
		15A91FE922DD7F7300C6D86E /* Debug */ = {
			isa = XCBuildConfiguration;
			baseConfigurationReference = B4C65FE29F913B0DCC75F18C /* Pods-ShopApp.debug.xcconfig */;
			buildSettings = {
				ASSETCATALOG_COMPILER_APPICON_NAME = AppIcon;
				CODE_SIGN_STYLE = Automatic;
				DEVELOPMENT_TEAM = 6SRX5NN73H;
				INFOPLIST_FILE = ShopApp/Info.plist;
				IPHONEOS_DEPLOYMENT_TARGET = 16.1;
				LD_RUNPATH_SEARCH_PATHS = (
					"$(inherited)",
					"@executable_path/Frameworks",
				);
				PRODUCT_BUNDLE_IDENTIFIER = HuyND.ShopApp;
				PRODUCT_NAME = "$(TARGET_NAME)";
				SWIFT_VERSION = 4.2;
				TARGETED_DEVICE_FAMILY = "1,2";
			};
			name = Debug;
		};
		15A91FEA22DD7F7300C6D86E /* Release */ = {
			isa = XCBuildConfiguration;
			baseConfigurationReference = 4E30289A04C7D0E7D8E7AA0E /* Pods-ShopApp.release.xcconfig */;
			buildSettings = {
				ASSETCATALOG_COMPILER_APPICON_NAME = AppIcon;
				CODE_SIGN_STYLE = Automatic;
				DEVELOPMENT_TEAM = 6SRX5NN73H;
				INFOPLIST_FILE = ShopApp/Info.plist;
				IPHONEOS_DEPLOYMENT_TARGET = 16.1;
				LD_RUNPATH_SEARCH_PATHS = (
					"$(inherited)",
					"@executable_path/Frameworks",
				);
				PRODUCT_BUNDLE_IDENTIFIER = HuyND.ShopApp;
				PRODUCT_NAME = "$(TARGET_NAME)";
				SWIFT_VERSION = 4.2;
				TARGETED_DEVICE_FAMILY = "1,2";
			};
			name = Release;
		};
/* End XCBuildConfiguration section */

/* Begin XCConfigurationList section */
		15A91FD122DD7F7200C6D86E /* Build configuration list for PBXProject "ShopApp" */ = {
			isa = XCConfigurationList;
			buildConfigurations = (
				15A91FE622DD7F7300C6D86E /* Debug */,
				15A91FE722DD7F7300C6D86E /* Release */,
			);
			defaultConfigurationIsVisible = 0;
			defaultConfigurationName = Release;
		};
		15A91FE822DD7F7300C6D86E /* Build configuration list for PBXNativeTarget "ShopApp" */ = {
			isa = XCConfigurationList;
			buildConfigurations = (
				15A91FE922DD7F7300C6D86E /* Debug */,
				15A91FEA22DD7F7300C6D86E /* Release */,
			);
			defaultConfigurationIsVisible = 0;
			defaultConfigurationName = Release;
		};
/* End XCConfigurationList section */
	};
	rootObject = 15A91FCE22DD7F7200C6D86E /* Project object */;
}
